PODS:
  - AFNetworking/NSURLConnection (2.2.2):
    - AFNetworking/Reachability
    - AFNetworking/Security
    - AFNetworking/Serialization
  - AFNetworking/NSURLSession (2.2.2):
    - AFNetworking/NSURLConnection
  - AFNetworking/Reachability (2.2.2)
  - AFNetworking/Security (2.2.2)
  - AFNetworking/Serialization (2.2.2)
  - ISO8601DateFormatter (0.7)
  - Mantle (1.4.1):
    - Mantle/extobjc
  - Mantle/extobjc (1.4.1)
  - OCDKit (0.0.1):
    - AFNetworking/NSURLSession (~> 2.2.0)
    - ISO8601DateFormatter (~> 0.7)
    - Mantle (~> 1.4.0)

DEPENDENCIES:
  - OCDKit (from `../`)

EXTERNAL SOURCES:
  OCDKit:
    :path: ../

SPEC CHECKSUMS:
  AFNetworking: dd8c1868e57451e3d17ebd3516f2a8c16f9646fe
  ISO8601DateFormatter: 00944e437ea647f4244454ce8809d313861d08de
  Mantle: 0714cdb2b8559d9e6c2410d6a8529e3307bff189
  OCDKit: dbd3ee613aacf8640a819b6da97c554490d2d3ff

COCOAPODS: 0.32.1
