// !$*UTF8*$!
{
	archiveVersion = 1;
	classes = {
	};
	objectVersion = 46;
	objects = {

/* Begin PBXBuildFile section */
		07B16C3E23D045EC96108971 /* libPods.a in Frameworks */ = {isa = PBXBuildFile; fileRef = DDF84049B95242839636ABB3 /* libPods.a */; };
		3F0D80A7184EF628004D0249 /* Foundation.framework in Frameworks */ = {isa = PBXBuildFile; fileRef = 3F0D80A6184EF628004D0249 /* Foundation.framework */; };
		3F0D80AC184EF628004D0249 /* OCDKit.h in CopyFiles */ = {isa = PBXBuildFile; fileRef = 3F0D80AB184EF628004D0249 /* OCDKit.h */; };
		3F0D80CE184EF6CF004D0249 /* OCDClient.m in Sources */ = {isa = PBXBuildFile; fileRef = 3F0D80CD184EF6CF004D0249 /* OCDClient.m */; };
		3F0D80D1184EF826004D0249 /* OCDObject.m in Sources */ = {isa = PBXBuildFile; fileRef = 3F0D80D0184EF826004D0249 /* OCDObject.m */; };
		3F0D80D4184EF84F004D0249 /* OCDJurisdiction.m in Sources */ = {isa = PBXBuildFile; fileRef = 3F0D80D3184EF84F004D0249 /* OCDJurisdiction.m */; };
		3F0D80D7184EF866004D0249 /* OCDDivision.m in Sources */ = {isa = PBXBuildFile; fileRef = 3F0D80D6184EF866004D0249 /* OCDDivision.m */; };
		3F0D80DA184EF874004D0249 /* OCDOrganization.m in Sources */ = {isa = PBXBuildFile; fileRef = 3F0D80D9184EF874004D0249 /* OCDOrganization.m */; };
		3F0D80DD184EF885004D0249 /* OCDPerson.m in Sources */ = {isa = PBXBuildFile; fileRef = 3F0D80DC184EF885004D0249 /* OCDPerson.m */; };
		3F0D80E0184EF89A004D0249 /* OCDBill.m in Sources */ = {isa = PBXBuildFile; fileRef = 3F0D80DF184EF89A004D0249 /* OCDBill.m */; };
		3F0D80E3184EF8A3004D0249 /* OCDVote.m in Sources */ = {isa = PBXBuildFile; fileRef = 3F0D80E2184EF8A3004D0249 /* OCDVote.m */; };
		3F0D80E6184EF8AE004D0249 /* OCDEvent.m in Sources */ = {isa = PBXBuildFile; fileRef = 3F0D80E5184EF8AE004D0249 /* OCDEvent.m */; };
		3F0D80E9184EFA27004D0249 /* OCDChamber.m in Sources */ = {isa = PBXBuildFile; fileRef = 3F0D80E8184EFA27004D0249 /* OCDChamber.m */; };
		3F0D80EC184EFA69004D0249 /* OCDTerm.m in Sources */ = {isa = PBXBuildFile; fileRef = 3F0D80EB184EFA69004D0249 /* OCDTerm.m */; };
		3F0D80EF184EFB8B004D0249 /* OCDSession.m in Sources */ = {isa = PBXBuildFile; fileRef = 3F0D80EE184EFB8B004D0249 /* OCDSession.m */; };
		3F0D80F2184EFE18004D0249 /* OCDGeometry.m in Sources */ = {isa = PBXBuildFile; fileRef = 3F0D80F1184EFE18004D0249 /* OCDGeometry.m */; };
		3F163FE118995E4D0013CE90 /* OCDResultSet.m in Sources */ = {isa = PBXBuildFile; fileRef = 3F163FE018995E4D0013CE90 /* OCDResultSet.m */; };
		3F59FA56184F915C007C0235 /* OCDBoundary.m in Sources */ = {isa = PBXBuildFile; fileRef = 3F59FA55184F915C007C0235 /* OCDBoundary.m */; };
		3F59FA59184F934B007C0235 /* OCDURL.m in Sources */ = {isa = PBXBuildFile; fileRef = 3F59FA58184F934B007C0235 /* OCDURL.m */; };
		3F59FA5C184F955C007C0235 /* OCDContact.m in Sources */ = {isa = PBXBuildFile; fileRef = 3F59FA5B184F955C007C0235 /* OCDContact.m */; };
		3F59FA5F184F9632007C0235 /* OCDPost.m in Sources */ = {isa = PBXBuildFile; fileRef = 3F59FA5E184F9632007C0235 /* OCDPost.m */; };
		3F59FA62184F976E007C0235 /* OCDIdentifier.m in Sources */ = {isa = PBXBuildFile; fileRef = 3F59FA61184F976E007C0235 /* OCDIdentifier.m */; };
		3F59FA65184F9899007C0235 /* OCDName.m in Sources */ = {isa = PBXBuildFile; fileRef = 3F59FA64184F9899007C0235 /* OCDName.m */; };
/* End PBXBuildFile section */

/* Begin PBXCopyFilesBuildPhase section */
		3F0D80A1184EF628004D0249 /* CopyFiles */ = {
			isa = PBXCopyFilesBuildPhase;
			buildActionMask = 2147483647;
			dstPath = "include/$(PRODUCT_NAME)";
			dstSubfolderSpec = 16;
			files = (
				3F0D80AC184EF628004D0249 /* OCDKit.h in CopyFiles */,
			);
			runOnlyForDeploymentPostprocessing = 0;
		};
/* End PBXCopyFilesBuildPhase section */

/* Begin PBXFileReference section */
		3F0D80A3184EF628004D0249 /* libOCDKit.a */ = {isa = PBXFileReference; explicitFileType = archive.ar; includeInIndex = 0; path = libOCDKit.a; sourceTree = BUILT_PRODUCTS_DIR; };
		3F0D80A6184EF628004D0249 /* Foundation.framework */ = {isa = PBXFileReference; lastKnownFileType = wrapper.framework; name = Foundation.framework; path = System/Library/Frameworks/Foundation.framework; sourceTree = SDKROOT; };
		3F0D80AB184EF628004D0249 /* OCDKit.h */ = {isa = PBXFileReference; lastKnownFileType = sourcecode.c.h; path = OCDKit.h; sourceTree = "<group>"; };
		3F0D80B4184EF628004D0249 /* XCTest.framework */ = {isa = PBXFileReference; lastKnownFileType = wrapper.framework; name = XCTest.framework; path = Library/Frameworks/XCTest.framework; sourceTree = DEVELOPER_DIR; };
		3F0D80B7184EF628004D0249 /* UIKit.framework */ = {isa = PBXFileReference; lastKnownFileType = wrapper.framework; name = UIKit.framework; path = Library/Frameworks/UIKit.framework; sourceTree = DEVELOPER_DIR; };
		3F0D80BE184EF628004D0249 /* OCDKitTests-Info.plist */ = {isa = PBXFileReference; lastKnownFileType = text.plist.xml; path = "OCDKitTests-Info.plist"; sourceTree = "<group>"; };
		3F0D80C0184EF628004D0249 /* en */ = {isa = PBXFileReference; lastKnownFileType = text.plist.strings; name = en; path = en.lproj/InfoPlist.strings; sourceTree = "<group>"; };
		3F0D80C2184EF628004D0249 /* OCDKitTests.m */ = {isa = PBXFileReference; lastKnownFileType = sourcecode.c.objc; path = OCDKitTests.m; sourceTree = "<group>"; };
		3F0D80CC184EF6CF004D0249 /* OCDClient.h */ = {isa = PBXFileReference; fileEncoding = 4; lastKnownFileType = sourcecode.c.h; path = OCDClient.h; sourceTree = "<group>"; };
		3F0D80CD184EF6CF004D0249 /* OCDClient.m */ = {isa = PBXFileReference; fileEncoding = 4; lastKnownFileType = sourcecode.c.objc; path = OCDClient.m; sourceTree = "<group>"; };
		3F0D80CF184EF826004D0249 /* OCDObject.h */ = {isa = PBXFileReference; fileEncoding = 4; lastKnownFileType = sourcecode.c.h; path = OCDObject.h; sourceTree = "<group>"; };
		3F0D80D0184EF826004D0249 /* OCDObject.m */ = {isa = PBXFileReference; fileEncoding = 4; lastKnownFileType = sourcecode.c.objc; path = OCDObject.m; sourceTree = "<group>"; };
		3F0D80D2184EF84F004D0249 /* OCDJurisdiction.h */ = {isa = PBXFileReference; fileEncoding = 4; lastKnownFileType = sourcecode.c.h; path = OCDJurisdiction.h; sourceTree = "<group>"; };
		3F0D80D3184EF84F004D0249 /* OCDJurisdiction.m */ = {isa = PBXFileReference; fileEncoding = 4; lastKnownFileType = sourcecode.c.objc; path = OCDJurisdiction.m; sourceTree = "<group>"; };
		3F0D80D5184EF866004D0249 /* OCDDivision.h */ = {isa = PBXFileReference; fileEncoding = 4; lastKnownFileType = sourcecode.c.h; path = OCDDivision.h; sourceTree = "<group>"; };
		3F0D80D6184EF866004D0249 /* OCDDivision.m */ = {isa = PBXFileReference; fileEncoding = 4; lastKnownFileType = sourcecode.c.objc; path = OCDDivision.m; sourceTree = "<group>"; };
		3F0D80D8184EF874004D0249 /* OCDOrganization.h */ = {isa = PBXFileReference; fileEncoding = 4; lastKnownFileType = sourcecode.c.h; path = OCDOrganization.h; sourceTree = "<group>"; };
		3F0D80D9184EF874004D0249 /* OCDOrganization.m */ = {isa = PBXFileReference; fileEncoding = 4; lastKnownFileType = sourcecode.c.objc; path = OCDOrganization.m; sourceTree = "<group>"; };
		3F0D80DB184EF885004D0249 /* OCDPerson.h */ = {isa = PBXFileReference; fileEncoding = 4; lastKnownFileType = sourcecode.c.h; path = OCDPerson.h; sourceTree = "<group>"; };
		3F0D80DC184EF885004D0249 /* OCDPerson.m */ = {isa = PBXFileReference; fileEncoding = 4; lastKnownFileType = sourcecode.c.objc; path = OCDPerson.m; sourceTree = "<group>"; };
		3F0D80DE184EF89A004D0249 /* OCDBill.h */ = {isa = PBXFileReference; fileEncoding = 4; lastKnownFileType = sourcecode.c.h; path = OCDBill.h; sourceTree = "<group>"; };
		3F0D80DF184EF89A004D0249 /* OCDBill.m */ = {isa = PBXFileReference; fileEncoding = 4; lastKnownFileType = sourcecode.c.objc; path = OCDBill.m; sourceTree = "<group>"; };
		3F0D80E1184EF8A3004D0249 /* OCDVote.h */ = {isa = PBXFileReference; fileEncoding = 4; lastKnownFileType = sourcecode.c.h; path = OCDVote.h; sourceTree = "<group>"; };
		3F0D80E2184EF8A3004D0249 /* OCDVote.m */ = {isa = PBXFileReference; fileEncoding = 4; lastKnownFileType = sourcecode.c.objc; path = OCDVote.m; sourceTree = "<group>"; };
		3F0D80E4184EF8AE004D0249 /* OCDEvent.h */ = {isa = PBXFileReference; fileEncoding = 4; lastKnownFileType = sourcecode.c.h; path = OCDEvent.h; sourceTree = "<group>"; };
		3F0D80E5184EF8AE004D0249 /* OCDEvent.m */ = {isa = PBXFileReference; fileEncoding = 4; lastKnownFileType = sourcecode.c.objc; path = OCDEvent.m; sourceTree = "<group>"; };
		3F0D80E7184EFA27004D0249 /* OCDChamber.h */ = {isa = PBXFileReference; fileEncoding = 4; lastKnownFileType = sourcecode.c.h; path = OCDChamber.h; sourceTree = "<group>"; };
		3F0D80E8184EFA27004D0249 /* OCDChamber.m */ = {isa = PBXFileReference; fileEncoding = 4; lastKnownFileType = sourcecode.c.objc; path = OCDChamber.m; sourceTree = "<group>"; };
		3F0D80EA184EFA69004D0249 /* OCDTerm.h */ = {isa = PBXFileReference; fileEncoding = 4; lastKnownFileType = sourcecode.c.h; path = OCDTerm.h; sourceTree = "<group>"; };
		3F0D80EB184EFA69004D0249 /* OCDTerm.m */ = {isa = PBXFileReference; fileEncoding = 4; lastKnownFileType = sourcecode.c.objc; path = OCDTerm.m; sourceTree = "<group>"; };
		3F0D80ED184EFB8B004D0249 /* OCDSession.h */ = {isa = PBXFileReference; fileEncoding = 4; lastKnownFileType = sourcecode.c.h; path = OCDSession.h; sourceTree = "<group>"; };
		3F0D80EE184EFB8B004D0249 /* OCDSession.m */ = {isa = PBXFileReference; fileEncoding = 4; lastKnownFileType = sourcecode.c.objc; path = OCDSession.m; sourceTree = "<group>"; };
		3F0D80F0184EFE18004D0249 /* OCDGeometry.h */ = {isa = PBXFileReference; fileEncoding = 4; lastKnownFileType = sourcecode.c.h; path = OCDGeometry.h; sourceTree = "<group>"; };
		3F0D80F1184EFE18004D0249 /* OCDGeometry.m */ = {isa = PBXFileReference; fileEncoding = 4; lastKnownFileType = sourcecode.c.objc; path = OCDGeometry.m; sourceTree = "<group>"; };
		3F163FDF18995E4D0013CE90 /* OCDResultSet.h */ = {isa = PBXFileReference; fileEncoding = 4; lastKnownFileType = sourcecode.c.h; path = OCDResultSet.h; sourceTree = "<group>"; };
		3F163FE018995E4D0013CE90 /* OCDResultSet.m */ = {isa = PBXFileReference; fileEncoding = 4; lastKnownFileType = sourcecode.c.objc; path = OCDResultSet.m; sourceTree = "<group>"; };
		3F59FA54184F915C007C0235 /* OCDBoundary.h */ = {isa = PBXFileReference; fileEncoding = 4; lastKnownFileType = sourcecode.c.h; path = OCDBoundary.h; sourceTree = "<group>"; };
		3F59FA55184F915C007C0235 /* OCDBoundary.m */ = {isa = PBXFileReference; fileEncoding = 4; lastKnownFileType = sourcecode.c.objc; path = OCDBoundary.m; sourceTree = "<group>"; };
		3F59FA57184F934B007C0235 /* OCDURL.h */ = {isa = PBXFileReference; fileEncoding = 4; lastKnownFileType = sourcecode.c.h; path = OCDURL.h; sourceTree = "<group>"; };
		3F59FA58184F934B007C0235 /* OCDURL.m */ = {isa = PBXFileReference; fileEncoding = 4; lastKnownFileType = sourcecode.c.objc; path = OCDURL.m; sourceTree = "<group>"; };
		3F59FA5A184F955C007C0235 /* OCDContact.h */ = {isa = PBXFileReference; fileEncoding = 4; lastKnownFileType = sourcecode.c.h; path = OCDContact.h; sourceTree = "<group>"; };
		3F59FA5B184F955C007C0235 /* OCDContact.m */ = {isa = PBXFileReference; fileEncoding = 4; lastKnownFileType = sourcecode.c.objc; path = OCDContact.m; sourceTree = "<group>"; };
		3F59FA5D184F9632007C0235 /* OCDPost.h */ = {isa = PBXFileReference; fileEncoding = 4; lastKnownFileType = sourcecode.c.h; path = OCDPost.h; sourceTree = "<group>"; };
		3F59FA5E184F9632007C0235 /* OCDPost.m */ = {isa = PBXFileReference; fileEncoding = 4; lastKnownFileType = sourcecode.c.objc; path = OCDPost.m; sourceTree = "<group>"; };
		3F59FA60184F976E007C0235 /* OCDIdentifier.h */ = {isa = PBXFileReference; fileEncoding = 4; lastKnownFileType = sourcecode.c.h; path = OCDIdentifier.h; sourceTree = "<group>"; };
		3F59FA61184F976E007C0235 /* OCDIdentifier.m */ = {isa = PBXFileReference; fileEncoding = 4; lastKnownFileType = sourcecode.c.objc; path = OCDIdentifier.m; sourceTree = "<group>"; };
		3F59FA63184F9899007C0235 /* OCDName.h */ = {isa = PBXFileReference; fileEncoding = 4; lastKnownFileType = sourcecode.c.h; path = OCDName.h; sourceTree = "<group>"; };
		3F59FA64184F9899007C0235 /* OCDName.m */ = {isa = PBXFileReference; fileEncoding = 4; lastKnownFileType = sourcecode.c.objc; path = OCDName.m; sourceTree = "<group>"; };
		3FE732A318BBDFB80089802B /* OCDKit-Prefix.pch */ = {isa = PBXFileReference; fileEncoding = 4; lastKnownFileType = sourcecode.c.h; path = "OCDKit-Prefix.pch"; sourceTree = "<group>"; };
		3FE732AC18BBE21B0089802B /* libOCDKit-Prefix.pch */ = {isa = PBXFileReference; lastKnownFileType = sourcecode.c.h; path = "libOCDKit-Prefix.pch"; sourceTree = "<group>"; };
		3FE732AD18BBE21B0089802B /* libOCDKit.h */ = {isa = PBXFileReference; lastKnownFileType = sourcecode.c.h; path = libOCDKit.h; sourceTree = "<group>"; };
		3FE732AF18BBE21B0089802B /* libOCDKit.m */ = {isa = PBXFileReference; lastKnownFileType = sourcecode.c.objc; path = libOCDKit.m; sourceTree = "<group>"; };
		3FE732BE18BBE21B0089802B /* libOCDKitTests-Info.plist */ = {isa = PBXFileReference; lastKnownFileType = text.plist.xml; path = "libOCDKitTests-Info.plist"; sourceTree = "<group>"; };
		3FE732C018BBE21B0089802B /* en */ = {isa = PBXFileReference; lastKnownFileType = text.plist.strings; name = en; path = en.lproj/InfoPlist.strings; sourceTree = "<group>"; };
		3FE732C218BBE21B0089802B /* libOCDKitTests.m */ = {isa = PBXFileReference; lastKnownFileType = sourcecode.c.objc; path = libOCDKitTests.m; sourceTree = "<group>"; };
		439BE1BD913E4E648BE31EC9 /* Pods.xcconfig */ = {isa = PBXFileReference; includeInIndex = 1; lastKnownFileType = text.xcconfig; name = Pods.xcconfig; path = Pods/Pods.xcconfig; sourceTree = "<group>"; };
		DDF84049B95242839636ABB3 /* libPods.a */ = {isa = PBXFileReference; explicitFileType = archive.ar; includeInIndex = 0; path = libPods.a; sourceTree = BUILT_PRODUCTS_DIR; };
/* End PBXFileReference section */

/* Begin PBXFrameworksBuildPhase section */
		3F0D80A0184EF628004D0249 /* Frameworks */ = {
			isa = PBXFrameworksBuildPhase;
			buildActionMask = 2147483647;
			files = (
				3F0D80A7184EF628004D0249 /* Foundation.framework in Frameworks */,
				07B16C3E23D045EC96108971 /* libPods.a in Frameworks */,
			);
			runOnlyForDeploymentPostprocessing = 0;
		};
/* End PBXFrameworksBuildPhase section */

/* Begin PBXGroup section */
		3F0D809A184EF628004D0249 = {
			isa = PBXGroup;
			children = (
				3FE732A218BBDFA40089802B /* Resources */,
				3F0D80A8184EF628004D0249 /* OCDKit */,
				3F0D80BC184EF628004D0249 /* OCDKitTests */,
				3FE732AA18BBE21B0089802B /* libOCDKit */,
				3FE732BC18BBE21B0089802B /* libOCDKitTests */,
				3F0D80A5184EF628004D0249 /* Frameworks */,
				3F0D80A4184EF628004D0249 /* Products */,
				439BE1BD913E4E648BE31EC9 /* Pods.xcconfig */,
			);
			sourceTree = "<group>";
		};
		3F0D80A4184EF628004D0249 /* Products */ = {
			isa = PBXGroup;
			children = (
				3F0D80A3184EF628004D0249 /* libOCDKit.a */,
			);
			name = Products;
			sourceTree = "<group>";
		};
		3F0D80A5184EF628004D0249 /* Frameworks */ = {
			isa = PBXGroup;
			children = (
				3F0D80A6184EF628004D0249 /* Foundation.framework */,
				3F0D80B4184EF628004D0249 /* XCTest.framework */,
				3F0D80B7184EF628004D0249 /* UIKit.framework */,
				DDF84049B95242839636ABB3 /* libPods.a */,
			);
			name = Frameworks;
			sourceTree = "<group>";
		};
		3F0D80A8184EF628004D0249 /* OCDKit */ = {
			isa = PBXGroup;
			children = (
				3F0D80DE184EF89A004D0249 /* OCDBill.h */,
				3F0D80DF184EF89A004D0249 /* OCDBill.m */,
				3F59FA54184F915C007C0235 /* OCDBoundary.h */,
				3F59FA55184F915C007C0235 /* OCDBoundary.m */,
				3F0D80E7184EFA27004D0249 /* OCDChamber.h */,
				3F0D80E8184EFA27004D0249 /* OCDChamber.m */,
				3F0D80CC184EF6CF004D0249 /* OCDClient.h */,
				3F0D80CD184EF6CF004D0249 /* OCDClient.m */,
				3F59FA5A184F955C007C0235 /* OCDContact.h */,
				3F59FA5B184F955C007C0235 /* OCDContact.m */,
				3F0D80D5184EF866004D0249 /* OCDDivision.h */,
				3F0D80D6184EF866004D0249 /* OCDDivision.m */,
				3F0D80E4184EF8AE004D0249 /* OCDEvent.h */,
				3F0D80E5184EF8AE004D0249 /* OCDEvent.m */,
				3F0D80F0184EFE18004D0249 /* OCDGeometry.h */,
				3F0D80F1184EFE18004D0249 /* OCDGeometry.m */,
				3F59FA60184F976E007C0235 /* OCDIdentifier.h */,
				3F59FA61184F976E007C0235 /* OCDIdentifier.m */,
				3F0D80D2184EF84F004D0249 /* OCDJurisdiction.h */,
				3F0D80D3184EF84F004D0249 /* OCDJurisdiction.m */,
				3F0D80AB184EF628004D0249 /* OCDKit.h */,
				3F59FA63184F9899007C0235 /* OCDName.h */,
				3F59FA64184F9899007C0235 /* OCDName.m */,
				3F0D80CF184EF826004D0249 /* OCDObject.h */,
				3F0D80D0184EF826004D0249 /* OCDObject.m */,
				3F0D80D8184EF874004D0249 /* OCDOrganization.h */,
				3F0D80D9184EF874004D0249 /* OCDOrganization.m */,
				3F0D80DB184EF885004D0249 /* OCDPerson.h */,
				3F0D80DC184EF885004D0249 /* OCDPerson.m */,
				3F59FA5D184F9632007C0235 /* OCDPost.h */,
				3F59FA5E184F9632007C0235 /* OCDPost.m */,
				3F0D80ED184EFB8B004D0249 /* OCDSession.h */,
				3F0D80EE184EFB8B004D0249 /* OCDSession.m */,
				3F0D80EA184EFA69004D0249 /* OCDTerm.h */,
				3F0D80EB184EFA69004D0249 /* OCDTerm.m */,
				3F59FA57184F934B007C0235 /* OCDURL.h */,
				3F59FA58184F934B007C0235 /* OCDURL.m */,
				3F0D80E1184EF8A3004D0249 /* OCDVote.h */,
				3F0D80E2184EF8A3004D0249 /* OCDVote.m */,
				3F163FDF18995E4D0013CE90 /* OCDResultSet.h */,
				3F163FE018995E4D0013CE90 /* OCDResultSet.m */,
			);
			path = OCDKit;
			sourceTree = "<group>";
		};
		3F0D80BC184EF628004D0249 /* OCDKitTests */ = {
			isa = PBXGroup;
			children = (
				3F0D80C2184EF628004D0249 /* OCDKitTests.m */,
				3F0D80BD184EF628004D0249 /* Supporting Files */,
			);
			path = OCDKitTests;
			sourceTree = "<group>";
		};
		3F0D80BD184EF628004D0249 /* Supporting Files */ = {
			isa = PBXGroup;
			children = (
				3F0D80BE184EF628004D0249 /* OCDKitTests-Info.plist */,
				3F0D80BF184EF628004D0249 /* InfoPlist.strings */,
			);
			name = "Supporting Files";
			sourceTree = "<group>";
		};
		3FE732A218BBDFA40089802B /* Resources */ = {
			isa = PBXGroup;
			children = (
				3FE732A318BBDFB80089802B /* OCDKit-Prefix.pch */,
			);
			name = Resources;
			sourceTree = "<group>";
		};
		3FE732AA18BBE21B0089802B /* libOCDKit */ = {
			isa = PBXGroup;
			children = (
				3FE732AD18BBE21B0089802B /* libOCDKit.h */,
				3FE732AF18BBE21B0089802B /* libOCDKit.m */,
				3FE732AB18BBE21B0089802B /* Supporting Files */,
			);
			path = libOCDKit;
			sourceTree = "<group>";
		};
		3FE732AB18BBE21B0089802B /* Supporting Files */ = {
			isa = PBXGroup;
			children = (
				3FE732AC18BBE21B0089802B /* libOCDKit-Prefix.pch */,
			);
			name = "Supporting Files";
			sourceTree = "<group>";
		};
		3FE732BC18BBE21B0089802B /* libOCDKitTests */ = {
			isa = PBXGroup;
			children = (
				3FE732C218BBE21B0089802B /* libOCDKitTests.m */,
				3FE732BD18BBE21B0089802B /* Supporting Files */,
			);
			path = libOCDKitTests;
			sourceTree = "<group>";
		};
		3FE732BD18BBE21B0089802B /* Supporting Files */ = {
			isa = PBXGroup;
			children = (
				3FE732BE18BBE21B0089802B /* libOCDKitTests-Info.plist */,
				3FE732BF18BBE21B0089802B /* InfoPlist.strings */,
			);
			name = "Supporting Files";
			sourceTree = "<group>";
		};
/* End PBXGroup section */

/* Begin PBXNativeTarget section */
		3F0D80A2184EF628004D0249 /* OCDKit */ = {
			isa = PBXNativeTarget;
			buildConfigurationList = 3F0D80C6184EF628004D0249 /* Build configuration list for PBXNativeTarget "OCDKit" */;
			buildPhases = (
				09C895532509485885D42B09 /* Check Pods Manifest.lock */,
				3F0D809F184EF628004D0249 /* Sources */,
				3F0D80A0184EF628004D0249 /* Frameworks */,
				3F0D80A1184EF628004D0249 /* CopyFiles */,
				C3B91024ADD94BCD9C320767 /* Copy Pods Resources */,
			);
			buildRules = (
			);
			dependencies = (
			);
			name = OCDKit;
			productName = OCDKit;
			productReference = 3F0D80A3184EF628004D0249 /* libOCDKit.a */;
			productType = "com.apple.product-type.library.static";
		};
/* End PBXNativeTarget section */

/* Begin PBXProject section */
		3F0D809B184EF628004D0249 /* Project object */ = {
			isa = PBXProject;
			attributes = {
				LastUpgradeCheck = 0510;
				ORGANIZATIONNAME = "Jeremy Carbaugh";
			};
			buildConfigurationList = 3F0D809E184EF628004D0249 /* Build configuration list for PBXProject "OCDKit" */;
			compatibilityVersion = "Xcode 3.2";
			developmentRegion = English;
			hasScannedForEncodings = 0;
			knownRegions = (
				en,
			);
			mainGroup = 3F0D809A184EF628004D0249;
			productRefGroup = 3F0D80A4184EF628004D0249 /* Products */;
			projectDirPath = "";
			projectRoot = "";
			targets = (
				3F0D80A2184EF628004D0249 /* OCDKit */,
			);
		};
/* End PBXProject section */

/* Begin PBXShellScriptBuildPhase section */
		09C895532509485885D42B09 /* Check Pods Manifest.lock */ = {
			isa = PBXShellScriptBuildPhase;
			buildActionMask = 2147483647;
			files = (
			);
			inputPaths = (
			);
			name = "Check Pods Manifest.lock";
			outputPaths = (
			);
			runOnlyForDeploymentPostprocessing = 0;
			shellPath = /bin/sh;
			shellScript = "diff \"${PODS_ROOT}/../Podfile.lock\" \"${PODS_ROOT}/Manifest.lock\" > /dev/null\nif [[ $? != 0 ]] ; then\n    cat << EOM\nerror: The sandbox is not in sync with the Podfile.lock. Run 'pod install' or update your CocoaPods installation.\nEOM\n    exit 1\nfi\n";
			showEnvVarsInLog = 0;
		};
		C3B91024ADD94BCD9C320767 /* Copy Pods Resources */ = {
			isa = PBXShellScriptBuildPhase;
			buildActionMask = 2147483647;
			files = (
			);
			inputPaths = (
			);
			name = "Copy Pods Resources";
			outputPaths = (
			);
			runOnlyForDeploymentPostprocessing = 0;
			shellPath = /bin/sh;
			shellScript = "\"${SRCROOT}/Pods/Pods-resources.sh\"\n";
			showEnvVarsInLog = 0;
		};
/* End PBXShellScriptBuildPhase section */

/* Begin PBXSourcesBuildPhase section */
		3F0D809F184EF628004D0249 /* Sources */ = {
			isa = PBXSourcesBuildPhase;
			buildActionMask = 2147483647;
			files = (
				3F0D80EC184EFA69004D0249 /* OCDTerm.m in Sources */,
				3F0D80E3184EF8A3004D0249 /* OCDVote.m in Sources */,
				3F163FE118995E4D0013CE90 /* OCDResultSet.m in Sources */,
				3F0D80E6184EF8AE004D0249 /* OCDEvent.m in Sources */,
				3F59FA65184F9899007C0235 /* OCDName.m in Sources */,
				3F0D80F2184EFE18004D0249 /* OCDGeometry.m in Sources */,
				3F0D80CE184EF6CF004D0249 /* OCDClient.m in Sources */,
				3F0D80D4184EF84F004D0249 /* OCDJurisdiction.m in Sources */,
				3F0D80EF184EFB8B004D0249 /* OCDSession.m in Sources */,
				3F0D80D1184EF826004D0249 /* OCDObject.m in Sources */,
				3F0D80E9184EFA27004D0249 /* OCDChamber.m in Sources */,
				3F59FA5C184F955C007C0235 /* OCDContact.m in Sources */,
				3F0D80D7184EF866004D0249 /* OCDDivision.m in Sources */,
				3F59FA5F184F9632007C0235 /* OCDPost.m in Sources */,
				3F59FA56184F915C007C0235 /* OCDBoundary.m in Sources */,
				3F59FA59184F934B007C0235 /* OCDURL.m in Sources */,
				3F0D80DA184EF874004D0249 /* OCDOrganization.m in Sources */,
				3F0D80E0184EF89A004D0249 /* OCDBill.m in Sources */,
				3F0D80DD184EF885004D0249 /* OCDPerson.m in Sources */,
				3F59FA62184F976E007C0235 /* OCDIdentifier.m in Sources */,
			);
			runOnlyForDeploymentPostprocessing = 0;
		};
/* End PBXSourcesBuildPhase section */

/* Begin PBXVariantGroup section */
		3F0D80BF184EF628004D0249 /* InfoPlist.strings */ = {
			isa = PBXVariantGroup;
			children = (
				3F0D80C0184EF628004D0249 /* en */,
			);
			name = InfoPlist.strings;
			sourceTree = "<group>";
		};
		3FE732BF18BBE21B0089802B /* InfoPlist.strings */ = {
			isa = PBXVariantGroup;
			children = (
				3FE732C018BBE21B0089802B /* en */,
			);
			name = InfoPlist.strings;
			sourceTree = "<group>";
		};
/* End PBXVariantGroup section */

/* Begin XCBuildConfiguration section */
		3F0D80C5184EF628004D0249 /* Release */ = {
			isa = XCBuildConfiguration;
			buildSettings = {
				ALWAYS_SEARCH_USER_PATHS = NO;
				CLANG_CXX_LANGUAGE_STANDARD = "gnu++0x";
				CLANG_CXX_LIBRARY = "libc++";
				CLANG_ENABLE_MODULES = YES;
				CLANG_ENABLE_OBJC_ARC = YES;
				CLANG_WARN_BOOL_CONVERSION = YES;
				CLANG_WARN_CONSTANT_CONVERSION = YES;
				CLANG_WARN_DIRECT_OBJC_ISA_USAGE = YES_ERROR;
				CLANG_WARN_EMPTY_BODY = YES;
				CLANG_WARN_ENUM_CONVERSION = YES;
				CLANG_WARN_INT_CONVERSION = YES;
				CLANG_WARN_OBJC_ROOT_CLASS = YES_ERROR;
				CLANG_WARN__DUPLICATE_METHOD_MATCH = YES;
				COPY_PHASE_STRIP = YES;
				ENABLE_NS_ASSERTIONS = NO;
				GCC_C_LANGUAGE_STANDARD = gnu99;
				GCC_WARN_64_TO_32_BIT_CONVERSION = YES;
				GCC_WARN_ABOUT_RETURN_TYPE = YES_ERROR;
				GCC_WARN_UNDECLARED_SELECTOR = YES;
				GCC_WARN_UNINITIALIZED_AUTOS = YES;
				GCC_WARN_UNUSED_FUNCTION = YES;
				GCC_WARN_UNUSED_VARIABLE = YES;
				IPHONEOS_DEPLOYMENT_TARGET = 7.0;
				SDKROOT = iphoneos;
				VALIDATE_PRODUCT = YES;
			};
			name = Release;
		};
		3F0D80C8184EF628004D0249 /* Release */ = {
			isa = XCBuildConfiguration;
			baseConfigurationReference = 439BE1BD913E4E648BE31EC9 /* Pods.xcconfig */;
			buildSettings = {
				DSTROOT = /tmp/OCDKit.dst;
				GCC_PRECOMPILE_PREFIX_HEADER = YES;
				GCC_PREFIX_HEADER = "OCDKit-Prefix.pch";
				OTHER_LDFLAGS = "$(inherited)";
				PRODUCT_NAME = "$(TARGET_NAME)";
				SKIP_INSTALL = YES;
			};
			name = Release;
		};
/* End XCBuildConfiguration section */

/* Begin XCConfigurationList section */
		3F0D809E184EF628004D0249 /* Build configuration list for PBXProject "OCDKit" */ = {
			isa = XCConfigurationList;
			buildConfigurations = (
				3F0D80C5184EF628004D0249 /* Release */,
			);
			defaultConfigurationIsVisible = 0;
			defaultConfigurationName = Release;
		};
		3F0D80C6184EF628004D0249 /* Build configuration list for PBXNativeTarget "OCDKit" */ = {
			isa = XCConfigurationList;
			buildConfigurations = (
				3F0D80C8184EF628004D0249 /* Release */,
			);
			defaultConfigurationIsVisible = 0;
			defaultConfigurationName = Release;
		};
/* End XCConfigurationList section */
	};
	rootObject = 3F0D809B184EF628004D0249 /* Project object */;
}
