// !$*UTF8*$!
{
	archiveVersion = 1;
	classes = {
	};
	objectVersion = 46;
	objects = {

/* Begin PBXBuildFile section */
		2F091A351A15483200164ABA /* AppDelegate.swift in Sources */ = {isa = PBXBuildFile; fileRef = 2F091A341A15483200164ABA /* AppDelegate.swift */; };
		2F091A371A15483200164ABA /* MasterViewController.swift in Sources */ = {isa = PBXBuildFile; fileRef = 2F091A361A15483200164ABA /* MasterViewController.swift */; };
		2F091A391A15483200164ABA /* DetailViewController.swift in Sources */ = {isa = PBXBuildFile; fileRef = 2F091A381A15483200164ABA /* DetailViewController.swift */; };
		2F091A3C1A15483200164ABA /* Main.storyboard in Resources */ = {isa = PBXBuildFile; fileRef = 2F091A3A1A15483200164ABA /* Main.storyboard */; };
		2F091A3E1A15483200164ABA /* Images.xcassets in Resources */ = {isa = PBXBuildFile; fileRef = 2F091A3D1A15483200164ABA /* Images.xcassets */; };
		2F091A411A15483200164ABA /* LaunchScreen.xib in Resources */ = {isa = PBXBuildFile; fileRef = 2F091A3F1A15483200164ABA /* LaunchScreen.xib */; };
		2F091A4D1A15483200164ABA /* OCDKitExampleTests.swift in Sources */ = {isa = PBXBuildFile; fileRef = 2F091A4C1A15483200164ABA /* OCDKitExampleTests.swift */; };
		2F091A691A15493700164ABA /* OCDKit.framework in Frameworks */ = {isa = PBXBuildFile; fileRef = 2F091A5D1A15486F00164ABA /* OCDKit.framework */; };
		2F091A6B1A155DCB00164ABA /* Model.swift in Sources */ = {isa = PBXBuildFile; fileRef = 2F091A6A1A155DCB00164ABA /* Model.swift */; };
		2FE63E461A16957D00CACA76 /* Configuration.plist in Resources */ = {isa = PBXBuildFile; fileRef = 2FE63E451A16957D00CACA76 /* Configuration.plist */; };
		2FE63E491A16969800CACA76 /* Configuration.swift in Sources */ = {isa = PBXBuildFile; fileRef = 2FE63E481A16969800CACA76 /* Configuration.swift */; };
/* End PBXBuildFile section */

/* Begin PBXContainerItemProxy section */
		2F091A471A15483200164ABA /* PBXContainerItemProxy */ = {
			isa = PBXContainerItemProxy;
			containerPortal = 2F091A271A15483200164ABA /* Project object */;
			proxyType = 1;
			remoteGlobalIDString = 2F091A2E1A15483200164ABA;
			remoteInfo = OCDKitExample;
		};
		2F091A5C1A15486F00164ABA /* PBXContainerItemProxy */ = {
			isa = PBXContainerItemProxy;
			containerPortal = 2F091A571A15486E00164ABA /* OCDKit.xcodeproj */;
			proxyType = 2;
			remoteGlobalIDString = 2FDF130F19E71BD100F2EF04;
			remoteInfo = OCDKit;
		};
		2F091A5E1A15486F00164ABA /* PBXContainerItemProxy */ = {
			isa = PBXContainerItemProxy;
			containerPortal = 2F091A571A15486E00164ABA /* OCDKit.xcodeproj */;
			proxyType = 2;
			remoteGlobalIDString = 2FDF131A19E71BD100F2EF04;
			remoteInfo = OCDKitTests;
		};
		2F091A651A15491000164ABA /* PBXContainerItemProxy */ = {
			isa = PBXContainerItemProxy;
			containerPortal = 2F091A571A15486E00164ABA /* OCDKit.xcodeproj */;
			proxyType = 1;
			remoteGlobalIDString = 2FDF130E19E71BD100F2EF04;
			remoteInfo = OCDKit;
		};
/* End PBXContainerItemProxy section */

/* Begin PBXFileReference section */
		2F091A2F1A15483200164ABA /* OCDKitExample.app */ = {isa = PBXFileReference; explicitFileType = wrapper.application; includeInIndex = 0; path = OCDKitExample.app; sourceTree = BUILT_PRODUCTS_DIR; };
		2F091A331A15483200164ABA /* Info.plist */ = {isa = PBXFileReference; lastKnownFileType = text.plist.xml; path = Info.plist; sourceTree = "<group>"; };
		2F091A341A15483200164ABA /* AppDelegate.swift */ = {isa = PBXFileReference; lastKnownFileType = sourcecode.swift; path = AppDelegate.swift; sourceTree = "<group>"; };
		2F091A361A15483200164ABA /* MasterViewController.swift */ = {isa = PBXFileReference; lastKnownFileType = sourcecode.swift; path = MasterViewController.swift; sourceTree = "<group>"; };
		2F091A381A15483200164ABA /* DetailViewController.swift */ = {isa = PBXFileReference; lastKnownFileType = sourcecode.swift; path = DetailViewController.swift; sourceTree = "<group>"; };
		2F091A3B1A15483200164ABA /* Base */ = {isa = PBXFileReference; lastKnownFileType = file.storyboard; name = Base; path = Base.lproj/Main.storyboard; sourceTree = "<group>"; };
		2F091A3D1A15483200164ABA /* Images.xcassets */ = {isa = PBXFileReference; lastKnownFileType = folder.assetcatalog; path = Images.xcassets; sourceTree = "<group>"; };
		2F091A401A15483200164ABA /* Base */ = {isa = PBXFileReference; lastKnownFileType = file.xib; name = Base; path = Base.lproj/LaunchScreen.xib; sourceTree = "<group>"; };
		2F091A461A15483200164ABA /* OCDKitExampleTests.xctest */ = {isa = PBXFileReference; explicitFileType = wrapper.cfbundle; includeInIndex = 0; path = OCDKitExampleTests.xctest; sourceTree = BUILT_PRODUCTS_DIR; };
		2F091A4B1A15483200164ABA /* Info.plist */ = {isa = PBXFileReference; lastKnownFileType = text.plist.xml; path = Info.plist; sourceTree = "<group>"; };
		2F091A4C1A15483200164ABA /* OCDKitExampleTests.swift */ = {isa = PBXFileReference; lastKnownFileType = sourcecode.swift; path = OCDKitExampleTests.swift; sourceTree = "<group>"; };
		2F091A571A15486E00164ABA /* OCDKit.xcodeproj */ = {isa = PBXFileReference; lastKnownFileType = "wrapper.pb-project"; name = OCDKit.xcodeproj; path = ../../../OCDKit.xcodeproj; sourceTree = "<group>"; };
		2F091A6A1A155DCB00164ABA /* Model.swift */ = {isa = PBXFileReference; fileEncoding = 4; lastKnownFileType = sourcecode.swift; path = Model.swift; sourceTree = "<group>"; };
		2FE63E451A16957D00CACA76 /* Configuration.plist */ = {isa = PBXFileReference; fileEncoding = 4; lastKnownFileType = text.plist.xml; path = Configuration.plist; sourceTree = "<group>"; };
		2FE63E481A16969800CACA76 /* Configuration.swift */ = {isa = PBXFileReference; fileEncoding = 4; lastKnownFileType = sourcecode.swift; path = Configuration.swift; sourceTree = "<group>"; };
/* End PBXFileReference section */

/* Begin PBXFrameworksBuildPhase section */
		2F091A2C1A15483200164ABA /* Frameworks */ = {
			isa = PBXFrameworksBuildPhase;
			buildActionMask = 2147483647;
			files = (
				2F091A691A15493700164ABA /* OCDKit.framework in Frameworks */,
			);
			runOnlyForDeploymentPostprocessing = 0;
		};
		2F091A431A15483200164ABA /* Frameworks */ = {
			isa = PBXFrameworksBuildPhase;
			buildActionMask = 2147483647;
			files = (
			);
			runOnlyForDeploymentPostprocessing = 0;
		};
/* End PBXFrameworksBuildPhase section */

/* Begin PBXGroup section */
		2F091A261A15483200164ABA = {
			isa = PBXGroup;
			children = (
				2F091A311A15483200164ABA /* Source */,
				2F091A601A1548A800164ABA /* Resources */,
				2F091A491A15483200164ABA /* Tests */,
				2F091A301A15483200164ABA /* Products */,
				2F091A561A15485600164ABA /* Vendor */,
			);
			sourceTree = "<group>";
		};
		2F091A301A15483200164ABA /* Products */ = {
			isa = PBXGroup;
			children = (
				2F091A2F1A15483200164ABA /* OCDKitExample.app */,
				2F091A461A15483200164ABA /* OCDKitExampleTests.xctest */,
			);
			name = Products;
			sourceTree = "<group>";
		};
		2F091A311A15483200164ABA /* Source */ = {
			isa = PBXGroup;
			children = (
				2F091A341A15483200164ABA /* AppDelegate.swift */,
				2F091A361A15483200164ABA /* MasterViewController.swift */,
				2F091A381A15483200164ABA /* DetailViewController.swift */,
				2F091A6A1A155DCB00164ABA /* Model.swift */,
				2FE63E481A16969800CACA76 /* Configuration.swift */,
			);
			path = Source;
			sourceTree = "<group>";
		};
		2F091A321A15483200164ABA /* Supporting Files */ = {
			isa = PBXGroup;
			children = (
				2FE63E451A16957D00CACA76 /* Configuration.plist */,
				2F091A331A15483200164ABA /* Info.plist */,
			);
			path = "Supporting Files";
			sourceTree = "<group>";
		};
		2F091A491A15483200164ABA /* Tests */ = {
			isa = PBXGroup;
			children = (
				2F091A4C1A15483200164ABA /* OCDKitExampleTests.swift */,
				2F091A4A1A15483200164ABA /* Supporting Files */,
			);
			path = Tests;
			sourceTree = "<group>";
		};
		2F091A4A1A15483200164ABA /* Supporting Files */ = {
			isa = PBXGroup;
			children = (
				2F091A4B1A15483200164ABA /* Info.plist */,
			);
			path = "Supporting Files";
			sourceTree = "<group>";
		};
		2F091A561A15485600164ABA /* Vendor */ = {
			isa = PBXGroup;
			children = (
				2F091A571A15486E00164ABA /* OCDKit.xcodeproj */,
			);
			path = Vendor;
			sourceTree = "<group>";
		};
		2F091A581A15486E00164ABA /* Products */ = {
			isa = PBXGroup;
			children = (
				2F091A5D1A15486F00164ABA /* OCDKit.framework */,
				2F091A5F1A15486F00164ABA /* OCDKitTests.xctest */,
			);
			name = Products;
			sourceTree = "<group>";
		};
		2F091A601A1548A800164ABA /* Resources */ = {
			isa = PBXGroup;
			children = (
				2F091A3A1A15483200164ABA /* Main.storyboard */,
				2F091A3F1A15483200164ABA /* LaunchScreen.xib */,
				2F091A3D1A15483200164ABA /* Images.xcassets */,
				2F091A321A15483200164ABA /* Supporting Files */,
			);
			path = Resources;
			sourceTree = "<group>";
		};
/* End PBXGroup section */

/* Begin PBXNativeTarget section */
		2F091A2E1A15483200164ABA /* OCDKitExample */ = {
			isa = PBXNativeTarget;
			buildConfigurationList = 2F091A501A15483200164ABA /* Build configuration list for PBXNativeTarget "OCDKitExample" */;
			buildPhases = (
				2F091A2B1A15483200164ABA /* Sources */,
				2F091A2C1A15483200164ABA /* Frameworks */,
				2F091A2D1A15483200164ABA /* Resources */,
			);
			buildRules = (
			);
			dependencies = (
				2F091A661A15491000164ABA /* PBXTargetDependency */,
			);
			name = OCDKitExample;
			productName = OCDKitExample;
			productReference = 2F091A2F1A15483200164ABA /* OCDKitExample.app */;
			productType = "com.apple.product-type.application";
		};
		2F091A451A15483200164ABA /* OCDKitExampleTests */ = {
			isa = PBXNativeTarget;
			buildConfigurationList = 2F091A531A15483200164ABA /* Build configuration list for PBXNativeTarget "OCDKitExampleTests" */;
			buildPhases = (
				2F091A421A15483200164ABA /* Sources */,
				2F091A431A15483200164ABA /* Frameworks */,
				2F091A441A15483200164ABA /* Resources */,
			);
			buildRules = (
			);
			dependencies = (
				2F091A481A15483200164ABA /* PBXTargetDependency */,
			);
			name = OCDKitExampleTests;
			productName = OCDKitExampleTests;
			productReference = 2F091A461A15483200164ABA /* OCDKitExampleTests.xctest */;
			productType = "com.apple.product-type.bundle.unit-test";
		};
/* End PBXNativeTarget section */

/* Begin PBXProject section */
		2F091A271A15483200164ABA /* Project object */ = {
			isa = PBXProject;
			attributes = {
				LastUpgradeCheck = 0610;
				ORGANIZATIONNAME = "Sunlight Foundation";
				TargetAttributes = {
					2F091A2E1A15483200164ABA = {
						CreatedOnToolsVersion = 6.1;
					};
					2F091A451A15483200164ABA = {
						CreatedOnToolsVersion = 6.1;
						TestTargetID = 2F091A2E1A15483200164ABA;
					};
				};
			};
			buildConfigurationList = 2F091A2A1A15483200164ABA /* Build configuration list for PBXProject "OCDKitExample" */;
			compatibilityVersion = "Xcode 3.2";
			developmentRegion = English;
			hasScannedForEncodings = 0;
			knownRegions = (
				en,
				Base,
			);
			mainGroup = 2F091A261A15483200164ABA;
			productRefGroup = 2F091A301A15483200164ABA /* Products */;
			projectDirPath = "";
			projectReferences = (
				{
					ProductGroup = 2F091A581A15486E00164ABA /* Products */;
					ProjectRef = 2F091A571A15486E00164ABA /* OCDKit.xcodeproj */;
				},
			);
			projectRoot = "";
			targets = (
				2F091A2E1A15483200164ABA /* OCDKitExample */,
				2F091A451A15483200164ABA /* OCDKitExampleTests */,
			);
		};
/* End PBXProject section */

/* Begin PBXReferenceProxy section */
		2F091A5D1A15486F00164ABA /* OCDKit.framework */ = {
			isa = PBXReferenceProxy;
			fileType = wrapper.framework;
			path = OCDKit.framework;
			remoteRef = 2F091A5C1A15486F00164ABA /* PBXContainerItemProxy */;
			sourceTree = BUILT_PRODUCTS_DIR;
		};
		2F091A5F1A15486F00164ABA /* OCDKitTests.xctest */ = {
			isa = PBXReferenceProxy;
			fileType = wrapper.cfbundle;
			path = OCDKitTests.xctest;
			remoteRef = 2F091A5E1A15486F00164ABA /* PBXContainerItemProxy */;
			sourceTree = BUILT_PRODUCTS_DIR;
		};
/* End PBXReferenceProxy section */

/* Begin PBXResourcesBuildPhase section */
		2F091A2D1A15483200164ABA /* Resources */ = {
			isa = PBXResourcesBuildPhase;
			buildActionMask = 2147483647;
			files = (
				2F091A3C1A15483200164ABA /* Main.storyboard in Resources */,
				2FE63E461A16957D00CACA76 /* Configuration.plist in Resources */,
				2F091A411A15483200164ABA /* LaunchScreen.xib in Resources */,
				2F091A3E1A15483200164ABA /* Images.xcassets in Resources */,
			);
			runOnlyForDeploymentPostprocessing = 0;
		};
		2F091A441A15483200164ABA /* Resources */ = {
			isa = PBXResourcesBuildPhase;
			buildActionMask = 2147483647;
			files = (
			);
			runOnlyForDeploymentPostprocessing = 0;
		};
/* End PBXResourcesBuildPhase section */

/* Begin PBXSourcesBuildPhase section */
		2F091A2B1A15483200164ABA /* Sources */ = {
			isa = PBXSourcesBuildPhase;
			buildActionMask = 2147483647;
			files = (
				2F091A391A15483200164ABA /* DetailViewController.swift in Sources */,
				2FE63E491A16969800CACA76 /* Configuration.swift in Sources */,
				2F091A371A15483200164ABA /* MasterViewController.swift in Sources */,
				2F091A351A15483200164ABA /* AppDelegate.swift in Sources */,
				2F091A6B1A155DCB00164ABA /* Model.swift in Sources */,
			);
			runOnlyForDeploymentPostprocessing = 0;
		};
		2F091A421A15483200164ABA /* Sources */ = {
			isa = PBXSourcesBuildPhase;
			buildActionMask = 2147483647;
			files = (
				2F091A4D1A15483200164ABA /* OCDKitExampleTests.swift in Sources */,
			);
			runOnlyForDeploymentPostprocessing = 0;
		};
/* End PBXSourcesBuildPhase section */

/* Begin PBXTargetDependency section */
		2F091A481A15483200164ABA /* PBXTargetDependency */ = {
			isa = PBXTargetDependency;
			target = 2F091A2E1A15483200164ABA /* OCDKitExample */;
			targetProxy = 2F091A471A15483200164ABA /* PBXContainerItemProxy */;
		};
		2F091A661A15491000164ABA /* PBXTargetDependency */ = {
			isa = PBXTargetDependency;
			name = OCDKit;
			targetProxy = 2F091A651A15491000164ABA /* PBXContainerItemProxy */;
		};
/* End PBXTargetDependency section */

/* Begin PBXVariantGroup section */
		2F091A3A1A15483200164ABA /* Main.storyboard */ = {
			isa = PBXVariantGroup;
			children = (
				2F091A3B1A15483200164ABA /* Base */,
			);
			name = Main.storyboard;
			sourceTree = "<group>";
		};
		2F091A3F1A15483200164ABA /* LaunchScreen.xib */ = {
			isa = PBXVariantGroup;
			children = (
				2F091A401A15483200164ABA /* Base */,
			);
			name = LaunchScreen.xib;
			sourceTree = "<group>";
		};
/* End PBXVariantGroup section */

/* Begin XCBuildConfiguration section */
		2F091A4E1A15483200164ABA /* Debug */ = {
			isa = XCBuildConfiguration;
			buildSettings = {
				ALWAYS_SEARCH_USER_PATHS = NO;
				CLANG_CXX_LANGUAGE_STANDARD = "gnu++0x";
				CLANG_CXX_LIBRARY = "libc++";
				CLANG_ENABLE_MODULES = YES;
				CLANG_ENABLE_OBJC_ARC = YES;
				CLANG_WARN_BOOL_CONVERSION = YES;
				CLANG_WARN_CONSTANT_CONVERSION = YES;
				CLANG_WARN_DIRECT_OBJC_ISA_USAGE = YES_ERROR;
				CLANG_WARN_EMPTY_BODY = YES;
				CLANG_WARN_ENUM_CONVERSION = YES;
				CLANG_WARN_INT_CONVERSION = YES;
				CLANG_WARN_OBJC_ROOT_CLASS = YES_ERROR;
				CLANG_WARN_UNREACHABLE_CODE = YES;
				CLANG_WARN__DUPLICATE_METHOD_MATCH = YES;
				"CODE_SIGN_IDENTITY[sdk=iphoneos*]" = "iPhone Developer";
				COPY_PHASE_STRIP = NO;
				ENABLE_STRICT_OBJC_MSGSEND = YES;
				GCC_C_LANGUAGE_STANDARD = gnu99;
				GCC_DYNAMIC_NO_PIC = NO;
				GCC_OPTIMIZATION_LEVEL = 0;
				GCC_PREPROCESSOR_DEFINITIONS = (
					"DEBUG=1",
					"$(inherited)",
				);
				GCC_SYMBOLS_PRIVATE_EXTERN = NO;
				GCC_WARN_64_TO_32_BIT_CONVERSION = YES;
				GCC_WARN_ABOUT_RETURN_TYPE = YES_ERROR;
				GCC_WARN_UNDECLARED_SELECTOR = YES;
				GCC_WARN_UNINITIALIZED_AUTOS = YES_AGGRESSIVE;
				GCC_WARN_UNUSED_FUNCTION = YES;
				GCC_WARN_UNUSED_VARIABLE = YES;
				IPHONEOS_DEPLOYMENT_TARGET = 8.1;
				MTL_ENABLE_DEBUG_INFO = YES;
				ONLY_ACTIVE_ARCH = YES;
				SDKROOT = iphoneos;
				SWIFT_OPTIMIZATION_LEVEL = "-Onone";
				TARGETED_DEVICE_FAMILY = "1,2";
			};
			name = Debug;
		};
		2F091A4F1A15483200164ABA /* Release */ = {
			isa = XCBuildConfiguration;
			buildSettings = {
				ALWAYS_SEARCH_USER_PATHS = NO;
				CLANG_CXX_LANGUAGE_STANDARD = "gnu++0x";
				CLANG_CXX_LIBRARY = "libc++";
				CLANG_ENABLE_MODULES = YES;
				CLANG_ENABLE_OBJC_ARC = YES;
				CLANG_WARN_BOOL_CONVERSION = YES;
				CLANG_WARN_CONSTANT_CONVERSION = YES;
				CLANG_WARN_DIRECT_OBJC_ISA_USAGE = YES_ERROR;
				CLANG_WARN_EMPTY_BODY = YES;
				CLANG_WARN_ENUM_CONVERSION = YES;
				CLANG_WARN_INT_CONVERSION = YES;
				CLANG_WARN_OBJC_ROOT_CLASS = YES_ERROR;
				CLANG_WARN_UNREACHABLE_CODE = YES;
				CLANG_WARN__DUPLICATE_METHOD_MATCH = YES;
				"CODE_SIGN_IDENTITY[sdk=iphoneos*]" = "iPhone Developer";
				COPY_PHASE_STRIP = YES;
				ENABLE_NS_ASSERTIONS = NO;
				ENABLE_STRICT_OBJC_MSGSEND = YES;
				GCC_C_LANGUAGE_STANDARD = gnu99;
				GCC_WARN_64_TO_32_BIT_CONVERSION = YES;
				GCC_WARN_ABOUT_RETURN_TYPE = YES_ERROR;
				GCC_WARN_UNDECLARED_SELECTOR = YES;
				GCC_WARN_UNINITIALIZED_AUTOS = YES_AGGRESSIVE;
				GCC_WARN_UNUSED_FUNCTION = YES;
				GCC_WARN_UNUSED_VARIABLE = YES;
				IPHONEOS_DEPLOYMENT_TARGET = 8.1;
				MTL_ENABLE_DEBUG_INFO = NO;
				SDKROOT = iphoneos;
				TARGETED_DEVICE_FAMILY = "1,2";
				VALIDATE_PRODUCT = YES;
			};
			name = Release;
		};
		2F091A511A15483200164ABA /* Debug */ = {
			isa = XCBuildConfiguration;
			buildSettings = {
				ASSETCATALOG_COMPILER_APPICON_NAME = AppIcon;
				INFOPLIST_FILE = "Resources/Supporting Files/Info.plist";
				LD_RUNPATH_SEARCH_PATHS = "$(inherited) @executable_path/Frameworks";
				PRODUCT_NAME = "$(TARGET_NAME)";
			};
			name = Debug;
		};
		2F091A521A15483200164ABA /* Release */ = {
			isa = XCBuildConfiguration;
			buildSettings = {
				ASSETCATALOG_COMPILER_APPICON_NAME = AppIcon;
				INFOPLIST_FILE = "Resources/Supporting Files/Info.plist";
				LD_RUNPATH_SEARCH_PATHS = "$(inherited) @executable_path/Frameworks";
				PRODUCT_NAME = "$(TARGET_NAME)";
			};
			name = Release;
		};
		2F091A541A15483200164ABA /* Debug */ = {
			isa = XCBuildConfiguration;
			buildSettings = {
				BUNDLE_LOADER = "$(TEST_HOST)";
				FRAMEWORK_SEARCH_PATHS = (
					"$(SDKROOT)/Developer/Library/Frameworks",
					"$(inherited)",
				);
				GCC_PREPROCESSOR_DEFINITIONS = (
					"DEBUG=1",
					"$(inherited)",
				);
				INFOPLIST_FILE = "Tests/Supporting Files/Info.plist";
				LD_RUNPATH_SEARCH_PATHS = "$(inherited) @executable_path/Frameworks @loader_path/Frameworks";
				PRODUCT_NAME = "$(TARGET_NAME)";
				TEST_HOST = "$(BUILT_PRODUCTS_DIR)/OCDKitExample.app/OCDKitExample";
			};
			name = Debug;
		};
		2F091A551A15483200164ABA /* Release */ = {
			isa = XCBuildConfiguration;
			buildSettings = {
				BUNDLE_LOADER = "$(TEST_HOST)";
				FRAMEWORK_SEARCH_PATHS = (
					"$(SDKROOT)/Developer/Library/Frameworks",
					"$(inherited)",
				);
				INFOPLIST_FILE = "Tests/Supporting Files/Info.plist";
				LD_RUNPATH_SEARCH_PATHS = "$(inherited) @executable_path/Frameworks @loader_path/Frameworks";
				PRODUCT_NAME = "$(TARGET_NAME)";
				TEST_HOST = "$(BUILT_PRODUCTS_DIR)/OCDKitExample.app/OCDKitExample";
			};
			name = Release;
		};
/* End XCBuildConfiguration section */

/* Begin XCConfigurationList section */
		2F091A2A1A15483200164ABA /* Build configuration list for PBXProject "OCDKitExample" */ = {
			isa = XCConfigurationList;
			buildConfigurations = (
				2F091A4E1A15483200164ABA /* Debug */,
				2F091A4F1A15483200164ABA /* Release */,
			);
			defaultConfigurationIsVisible = 0;
			defaultConfigurationName = Release;
		};
		2F091A501A15483200164ABA /* Build configuration list for PBXNativeTarget "OCDKitExample" */ = {
			isa = XCConfigurationList;
			buildConfigurations = (
				2F091A511A15483200164ABA /* Debug */,
				2F091A521A15483200164ABA /* Release */,
			);
			defaultConfigurationIsVisible = 0;
			defaultConfigurationName = Release;
		};
		2F091A531A15483200164ABA /* Build configuration list for PBXNativeTarget "OCDKitExampleTests" */ = {
			isa = XCConfigurationList;
			buildConfigurations = (
				2F091A541A15483200164ABA /* Debug */,
				2F091A551A15483200164ABA /* Release */,
			);
			defaultConfigurationIsVisible = 0;
			defaultConfigurationName = Release;
		};
/* End XCConfigurationList section */
	};
	rootObject = 2F091A271A15483200164ABA /* Project object */;
}
